
Microsoft Visual Studio Solution File, Format Version 12.00
# Visual Studio Version 17
VisualStudioVersion = 17.14.37012.4 d17.14
MinimumVisualStudioVersion = 10.0.40219.1
Project("{FAE04EC0-301F-11D3-BF4B-00C04F79EFBC}") = "ParallelPLab4", "ParallelPLab4\ParallelPLab4.csproj", "{9DFDB7F1-074C-4BB9-A7F8-013FE2DBA38E}"
EndProject
Global
	GlobalSection(SolutionConfigurationPlatforms) = preSolution
		Debug|Any CPU = Debug|Any CPU
		Release|Any CPU = Release|Any CPU
	EndGlobalSection
	GlobalSection(ProjectConfigurationPlatforms) = postSolution
		{9DFDB7F1-074C-4BB9-A7F8-013FE2DBA38E}.Debug|Any CPU.ActiveCfg = Debug|Any CPU
		{9DFDB7F1-074C-4BB9-A7F8-013FE2DBA38E}.Debug|Any CPU.Build.0 = Debug|Any CPU
		{9DFDB7F1-074C-4BB9-A7F8-013FE2DBA38E}.Release|Any CPU.ActiveCfg = Release|Any CPU
		{9DFDB7F1-074C-4BB9-A7F8-013FE2DBA38E}.Release|Any CPU.Build.0 = Release|Any CPU
	EndGlobalSection
	GlobalSection(SolutionProperties) = preSolution
		HideSolutionNode = FALSE
	EndGlobalSection
	GlobalSection(ExtensibilityGlobals) = postSolution
		SolutionGuid = {4372AB6B-6672-4DEE-91A1-01FC97CAD7DB}
	EndGlobalSection
EndGlobal
